// !$*UTF8*$!
{
	archiveVersion = 1;
	classes = {
	};
	objectVersion = 55;
	objects = {

/* Begin PBXBuildFile section */
		0FEF827B16660BF09439BB43 /* Pods_FlixOne_FlixOneUITests.framework in Frameworks */ = {isa = PBXBuildFile; fileRef = D0DE33B2269100625307417E /* Pods_FlixOne_FlixOneUITests.framework */; };
		CF1EB480E7F0AB7EA04F8837 /* Pods_FlixOne.framework in Frameworks */ = {isa = PBXBuildFile; fileRef = 4F7C149AFEBE45C6482DFC5B /* Pods_FlixOne.framework */; };
		D2DC808C27B34D570051BABA /* AppDelegate.swift in Sources */ = {isa = PBXBuildFile; fileRef = D2DC808B27B34D570051BABA /* AppDelegate.swift */; };
		D2DC808E27B34D570051BABA /* SceneDelegate.swift in Sources */ = {isa = PBXBuildFile; fileRef = D2DC808D27B34D570051BABA /* SceneDelegate.swift */; };
		D2DC809027B34D570051BABA /* ViewController.swift in Sources */ = {isa = PBXBuildFile; fileRef = D2DC808F27B34D570051BABA /* ViewController.swift */; };
		D2DC809327B34D570051BABA /* Main.storyboard in Resources */ = {isa = PBXBuildFile; fileRef = D2DC809127B34D570051BABA /* Main.storyboard */; };
		D2DC809527B34D580051BABA /* Assets.xcassets in Resources */ = {isa = PBXBuildFile; fileRef = D2DC809427B34D580051BABA /* Assets.xcassets */; };
		D2DC809827B34D580051BABA /* LaunchScreen.storyboard in Resources */ = {isa = PBXBuildFile; fileRef = D2DC809627B34D580051BABA /* LaunchScreen.storyboard */; };
		D2DC80A327B34D580051BABA /* FlixOneTests.swift in Sources */ = {isa = PBXBuildFile; fileRef = D2DC80A227B34D580051BABA /* FlixOneTests.swift */; };
		D2DC80AD27B34D580051BABA /* FlixOneUITests.swift in Sources */ = {isa = PBXBuildFile; fileRef = D2DC80AC27B34D580051BABA /* FlixOneUITests.swift */; };
		D2DC80AF27B34D580051BABA /* FlixOneUITestsLaunchTests.swift in Sources */ = {isa = PBXBuildFile; fileRef = D2DC80AE27B34D580051BABA /* FlixOneUITestsLaunchTests.swift */; };
		D2DC80BC27B34E660051BABA /* MoviesViewController.swift in Sources */ = {isa = PBXBuildFile; fileRef = D2DC80BB27B34E660051BABA /* MoviesViewController.swift */; };
		D2DC80BE27B358AE0051BABA /* MovieCell.swift in Sources */ = {isa = PBXBuildFile; fileRef = D2DC80BD27B358AE0051BABA /* MovieCell.swift */; };
		D2DC80C127B372D80051BABA /* AlamofireImage in Frameworks */ = {isa = PBXBuildFile; productRef = D2DC80C027B372D80051BABA /* AlamofireImage */; };
		F2FAC2D051C640C84EA1C1D7 /* Pods_FlixOneTests.framework in Frameworks */ = {isa = PBXBuildFile; fileRef = E51DB107BB6858160112D027 /* Pods_FlixOneTests.framework */; };
/* End PBXBuildFile section */

/* Begin PBXContainerItemProxy section */
		D2DC809F27B34D580051BABA /* PBXContainerItemProxy */ = {
			isa = PBXContainerItemProxy;
			containerPortal = D2DC808027B34D560051BABA /* Project object */;
			proxyType = 1;
			remoteGlobalIDString = D2DC808727B34D560051BABA;
			remoteInfo = FlixOne;
		};
		D2DC80A927B34D580051BABA /* PBXContainerItemProxy */ = {
			isa = PBXContainerItemProxy;
			containerPortal = D2DC808027B34D560051BABA /* Project object */;
			proxyType = 1;
			remoteGlobalIDString = D2DC808727B34D560051BABA;
			remoteInfo = FlixOne;
		};
/* End PBXContainerItemProxy section */

/* Begin PBXFileReference section */
		4F7C149AFEBE45C6482DFC5B /* Pods_FlixOne.framework */ = {isa = PBXFileReference; explicitFileType = wrapper.framework; includeInIndex = 0; path = Pods_FlixOne.framework; sourceTree = BUILT_PRODUCTS_DIR; };
		597FFAF1E7ADE2318602475D /* Pods-FlixOneTests.debug.xcconfig */ = {isa = PBXFileReference; includeInIndex = 1; lastKnownFileType = text.xcconfig; name = "Pods-FlixOneTests.debug.xcconfig"; path = "Target Support Files/Pods-FlixOneTests/Pods-FlixOneTests.debug.xcconfig"; sourceTree = "<group>"; };
		D0DE33B2269100625307417E /* Pods_FlixOne_FlixOneUITests.framework */ = {isa = PBXFileReference; explicitFileType = wrapper.framework; includeInIndex = 0; path = Pods_FlixOne_FlixOneUITests.framework; sourceTree = BUILT_PRODUCTS_DIR; };
		D2764BADE8370D52D1561BD2 /* Pods-FlixOne.debug.xcconfig */ = {isa = PBXFileReference; includeInIndex = 1; lastKnownFileType = text.xcconfig; name = "Pods-FlixOne.debug.xcconfig"; path = "Target Support Files/Pods-FlixOne/Pods-FlixOne.debug.xcconfig"; sourceTree = "<group>"; };
		D2DC808827B34D570051BABA /* FlixOne.app */ = {isa = PBXFileReference; explicitFileType = wrapper.application; includeInIndex = 0; path = FlixOne.app; sourceTree = BUILT_PRODUCTS_DIR; };
		D2DC808B27B34D570051BABA /* AppDelegate.swift */ = {isa = PBXFileReference; lastKnownFileType = sourcecode.swift; path = AppDelegate.swift; sourceTree = "<group>"; };
		D2DC808D27B34D570051BABA /* SceneDelegate.swift */ = {isa = PBXFileReference; lastKnownFileType = sourcecode.swift; path = SceneDelegate.swift; sourceTree = "<group>"; };
		D2DC808F27B34D570051BABA /* ViewController.swift */ = {isa = PBXFileReference; lastKnownFileType = sourcecode.swift; path = ViewController.swift; sourceTree = "<group>"; };
		D2DC809227B34D570051BABA /* Base */ = {isa = PBXFileReference; lastKnownFileType = file.storyboard; name = Base; path = Base.lproj/Main.storyboard; sourceTree = "<group>"; };
		D2DC809427B34D580051BABA /* Assets.xcassets */ = {isa = PBXFileReference; lastKnownFileType = folder.assetcatalog; path = Assets.xcassets; sourceTree = "<group>"; };
		D2DC809727B34D580051BABA /* Base */ = {isa = PBXFileReference; lastKnownFileType = file.storyboard; name = Base; path = Base.lproj/LaunchScreen.storyboard; sourceTree = "<group>"; };
		D2DC809927B34D580051BABA /* Info.plist */ = {isa = PBXFileReference; lastKnownFileType = text.plist.xml; path = Info.plist; sourceTree = "<group>"; };
		D2DC809E27B34D580051BABA /* FlixOneTests.xctest */ = {isa = PBXFileReference; explicitFileType = wrapper.cfbundle; includeInIndex = 0; path = FlixOneTests.xctest; sourceTree = BUILT_PRODUCTS_DIR; };
		D2DC80A227B34D580051BABA /* FlixOneTests.swift */ = {isa = PBXFileReference; lastKnownFileType = sourcecode.swift; path = FlixOneTests.swift; sourceTree = "<group>"; };
		D2DC80A827B34D580051BABA /* FlixOneUITests.xctest */ = {isa = PBXFileReference; explicitFileType = wrapper.cfbundle; includeInIndex = 0; path = FlixOneUITests.xctest; sourceTree = BUILT_PRODUCTS_DIR; };
		D2DC80AC27B34D580051BABA /* FlixOneUITests.swift */ = {isa = PBXFileReference; lastKnownFileType = sourcecode.swift; path = FlixOneUITests.swift; sourceTree = "<group>"; };
		D2DC80AE27B34D580051BABA /* FlixOneUITestsLaunchTests.swift */ = {isa = PBXFileReference; lastKnownFileType = sourcecode.swift; path = FlixOneUITestsLaunchTests.swift; sourceTree = "<group>"; };
		D2DC80BB27B34E660051BABA /* MoviesViewController.swift */ = {isa = PBXFileReference; lastKnownFileType = sourcecode.swift; path = MoviesViewController.swift; sourceTree = "<group>"; };
		D2DC80BD27B358AE0051BABA /* MovieCell.swift */ = {isa = PBXFileReference; lastKnownFileType = sourcecode.swift; path = MovieCell.swift; sourceTree = "<group>"; };
		DC8E351590F455E01AFDFCC5 /* Pods-FlixOne.release.xcconfig */ = {isa = PBXFileReference; includeInIndex = 1; lastKnownFileType = text.xcconfig; name = "Pods-FlixOne.release.xcconfig"; path = "Target Support Files/Pods-FlixOne/Pods-FlixOne.release.xcconfig"; sourceTree = "<group>"; };
		DCC403A2ADC73C0A9EF2D4C3 /* Pods-FlixOneTests.release.xcconfig */ = {isa = PBXFileReference; includeInIndex = 1; lastKnownFileType = text.xcconfig; name = "Pods-FlixOneTests.release.xcconfig"; path = "Target Support Files/Pods-FlixOneTests/Pods-FlixOneTests.release.xcconfig"; sourceTree = "<group>"; };
		E0FFE432F0E6A6A3A39B56A3 /* Pods-FlixOne-FlixOneUITests.release.xcconfig */ = {isa = PBXFileReference; includeInIndex = 1; lastKnownFileType = text.xcconfig; name = "Pods-FlixOne-FlixOneUITests.release.xcconfig"; path = "Target Support Files/Pods-FlixOne-FlixOneUITests/Pods-FlixOne-FlixOneUITests.release.xcconfig"; sourceTree = "<group>"; };
		E51DB107BB6858160112D027 /* Pods_FlixOneTests.framework */ = {isa = PBXFileReference; explicitFileType = wrapper.framework; includeInIndex = 0; path = Pods_FlixOneTests.framework; sourceTree = BUILT_PRODUCTS_DIR; };
		F059AE94BD6B538544B879B4 /* Pods-FlixOne-FlixOneUITests.debug.xcconfig */ = {isa = PBXFileReference; includeInIndex = 1; lastKnownFileType = text.xcconfig; name = "Pods-FlixOne-FlixOneUITests.debug.xcconfig"; path = "Target Support Files/Pods-FlixOne-FlixOneUITests/Pods-FlixOne-FlixOneUITests.debug.xcconfig"; sourceTree = "<group>"; };
/* End PBXFileReference section */

/* Begin PBXFrameworksBuildPhase section */
		D2DC808527B34D560051BABA /* Frameworks */ = {
			isa = PBXFrameworksBuildPhase;
			buildActionMask = 2147483647;
			files = (
				D2DC80C127B372D80051BABA /* AlamofireImage in Frameworks */,
				CF1EB480E7F0AB7EA04F8837 /* Pods_FlixOne.framework in Frameworks */,
			);
			runOnlyForDeploymentPostprocessing = 0;
		};
		D2DC809B27B34D580051BABA /* Frameworks */ = {
			isa = PBXFrameworksBuildPhase;
			buildActionMask = 2147483647;
			files = (
				F2FAC2D051C640C84EA1C1D7 /* Pods_FlixOneTests.framework in Frameworks */,
			);
			runOnlyForDeploymentPostprocessing = 0;
		};
		D2DC80A527B34D580051BABA /* Frameworks */ = {
			isa = PBXFrameworksBuildPhase;
			buildActionMask = 2147483647;
			files = (
				0FEF827B16660BF09439BB43 /* Pods_FlixOne_FlixOneUITests.framework in Frameworks */,
			);
			runOnlyForDeploymentPostprocessing = 0;
		};
/* End PBXFrameworksBuildPhase section */

/* Begin PBXGroup section */
		6205F024C4E8CCF36D120AEE /* Pods */ = {
			isa = PBXGroup;
			children = (
				D2764BADE8370D52D1561BD2 /* Pods-FlixOne.debug.xcconfig */,
				DC8E351590F455E01AFDFCC5 /* Pods-FlixOne.release.xcconfig */,
				F059AE94BD6B538544B879B4 /* Pods-FlixOne-FlixOneUITests.debug.xcconfig */,
				E0FFE432F0E6A6A3A39B56A3 /* Pods-FlixOne-FlixOneUITests.release.xcconfig */,
				597FFAF1E7ADE2318602475D /* Pods-FlixOneTests.debug.xcconfig */,
				DCC403A2ADC73C0A9EF2D4C3 /* Pods-FlixOneTests.release.xcconfig */,
			);
			name = Pods;
			path = Pods;
			sourceTree = "<group>";
		};
		82DD8918BC01A9C4CB459185 /* Frameworks */ = {
			isa = PBXGroup;
			children = (
				4F7C149AFEBE45C6482DFC5B /* Pods_FlixOne.framework */,
				D0DE33B2269100625307417E /* Pods_FlixOne_FlixOneUITests.framework */,
				E51DB107BB6858160112D027 /* Pods_FlixOneTests.framework */,
			);
			name = Frameworks;
			sourceTree = "<group>";
		};
		D2DC807F27B34D560051BABA = {
			isa = PBXGroup;
			children = (
				D2DC808A27B34D570051BABA /* FlixOne */,
				D2DC80A127B34D580051BABA /* FlixOneTests */,
				D2DC80AB27B34D580051BABA /* FlixOneUITests */,
				D2DC808927B34D570051BABA /* Products */,
				6205F024C4E8CCF36D120AEE /* Pods */,
				82DD8918BC01A9C4CB459185 /* Frameworks */,
			);
			sourceTree = "<group>";
		};
		D2DC808927B34D570051BABA /* Products */ = {
			isa = PBXGroup;
			children = (
				D2DC808827B34D570051BABA /* FlixOne.app */,
				D2DC809E27B34D580051BABA /* FlixOneTests.xctest */,
				D2DC80A827B34D580051BABA /* FlixOneUITests.xctest */,
			);
			name = Products;
			sourceTree = "<group>";
		};
		D2DC808A27B34D570051BABA /* FlixOne */ = {
			isa = PBXGroup;
			children = (
				D2DC808B27B34D570051BABA /* AppDelegate.swift */,
				D2DC808D27B34D570051BABA /* SceneDelegate.swift */,
				D2DC808F27B34D570051BABA /* ViewController.swift */,
				D2DC809127B34D570051BABA /* Main.storyboard */,
				D2DC80BD27B358AE0051BABA /* MovieCell.swift */,
				D2DC809427B34D580051BABA /* Assets.xcassets */,
				D2DC809627B34D580051BABA /* LaunchScreen.storyboard */,
				D2DC809927B34D580051BABA /* Info.plist */,
				D2DC80BB27B34E660051BABA /* MoviesViewController.swift */,
			);
			path = FlixOne;
			sourceTree = "<group>";
		};
		D2DC80A127B34D580051BABA /* FlixOneTests */ = {
			isa = PBXGroup;
			children = (
				D2DC80A227B34D580051BABA /* FlixOneTests.swift */,
			);
			path = FlixOneTests;
			sourceTree = "<group>";
		};
		D2DC80AB27B34D580051BABA /* FlixOneUITests */ = {
			isa = PBXGroup;
			children = (
				D2DC80AC27B34D580051BABA /* FlixOneUITests.swift */,
				D2DC80AE27B34D580051BABA /* FlixOneUITestsLaunchTests.swift */,
			);
			path = FlixOneUITests;
			sourceTree = "<group>";
		};
/* End PBXGroup section */

/* Begin PBXNativeTarget section */
		D2DC808727B34D560051BABA /* FlixOne */ = {
			isa = PBXNativeTarget;
			buildConfigurationList = D2DC80B227B34D580051BABA /* Build configuration list for PBXNativeTarget "FlixOne" */;
			buildPhases = (
				CD56E0898F416893ECDB894A /* [CP] Check Pods Manifest.lock */,
				D2DC808427B34D560051BABA /* Sources */,
				D2DC808527B34D560051BABA /* Frameworks */,
				D2DC808627B34D560051BABA /* Resources */,
				9A784D49A45E54C05ABD31EC /* [CP] Embed Pods Frameworks */,
			);
			buildRules = (
			);
			dependencies = (
			);
			name = FlixOne;
			packageProductDependencies = (
				D2DC80C027B372D80051BABA /* AlamofireImage */,
			);
			productName = FlixOne;
			productReference = D2DC808827B34D570051BABA /* FlixOne.app */;
			productType = "com.apple.product-type.application";
		};
		D2DC809D27B34D580051BABA /* FlixOneTests */ = {
			isa = PBXNativeTarget;
			buildConfigurationList = D2DC80B527B34D580051BABA /* Build configuration list for PBXNativeTarget "FlixOneTests" */;
			buildPhases = (
				44CB98B3B9633512FCCE43A4 /* [CP] Check Pods Manifest.lock */,
				D2DC809A27B34D580051BABA /* Sources */,
				D2DC809B27B34D580051BABA /* Frameworks */,
				D2DC809C27B34D580051BABA /* Resources */,
			);
			buildRules = (
			);
			dependencies = (
				D2DC80A027B34D580051BABA /* PBXTargetDependency */,
			);
			name = FlixOneTests;
			productName = FlixOneTests;
			productReference = D2DC809E27B34D580051BABA /* FlixOneTests.xctest */;
			productType = "com.apple.product-type.bundle.unit-test";
		};
		D2DC80A727B34D580051BABA /* FlixOneUITests */ = {
			isa = PBXNativeTarget;
			buildConfigurationList = D2DC80B827B34D580051BABA /* Build configuration list for PBXNativeTarget "FlixOneUITests" */;
			buildPhases = (
				BBE21E4AFDC13CD547335895 /* [CP] Check Pods Manifest.lock */,
				D2DC80A427B34D580051BABA /* Sources */,
				D2DC80A527B34D580051BABA /* Frameworks */,
				D2DC80A627B34D580051BABA /* Resources */,
				427DE76AE8536AA71C2FACF8 /* [CP] Embed Pods Frameworks */,
			);
			buildRules = (
			);
			dependencies = (
				D2DC80AA27B34D580051BABA /* PBXTargetDependency */,
			);
			name = FlixOneUITests;
			productName = FlixOneUITests;
			productReference = D2DC80A827B34D580051BABA /* FlixOneUITests.xctest */;
			productType = "com.apple.product-type.bundle.ui-testing";
		};
/* End PBXNativeTarget section */

/* Begin PBXProject section */
		D2DC808027B34D560051BABA /* Project object */ = {
			isa = PBXProject;
			attributes = {
				BuildIndependentTargetsInParallel = 1;
				LastSwiftUpdateCheck = 1320;
				LastUpgradeCheck = 1320;
				TargetAttributes = {
					D2DC808727B34D560051BABA = {
						CreatedOnToolsVersion = 13.2.1;
					};
					D2DC809D27B34D580051BABA = {
						CreatedOnToolsVersion = 13.2.1;
						TestTargetID = D2DC808727B34D560051BABA;
					};
					D2DC80A727B34D580051BABA = {
						CreatedOnToolsVersion = 13.2.1;
						TestTargetID = D2DC808727B34D560051BABA;
					};
				};
			};
			buildConfigurationList = D2DC808327B34D560051BABA /* Build configuration list for PBXProject "FlixOne" */;
			compatibilityVersion = "Xcode 13.0";
			developmentRegion = en;
			hasScannedForEncodings = 0;
			knownRegions = (
				en,
				Base,
			);
			mainGroup = D2DC807F27B34D560051BABA;
			packageReferences = (
				D2DC80BF27B372D80051BABA /* XCRemoteSwiftPackageReference "AlamofireImage" */,
			);
			productRefGroup = D2DC808927B34D570051BABA /* Products */;
			projectDirPath = "";
			projectRoot = "";
			targets = (
				D2DC808727B34D560051BABA /* FlixOne */,
				D2DC809D27B34D580051BABA /* FlixOneTests */,
				D2DC80A727B34D580051BABA /* FlixOneUITests */,
			);
		};
/* End PBXProject section */

/* Begin PBXResourcesBuildPhase section */
		D2DC808627B34D560051BABA /* Resources */ = {
			isa = PBXResourcesBuildPhase;
			buildActionMask = 2147483647;
			files = (
				D2DC809827B34D580051BABA /* LaunchScreen.storyboard in Resources */,
				D2DC809527B34D580051BABA /* Assets.xcassets in Resources */,
				D2DC809327B34D570051BABA /* Main.storyboard in Resources */,
			);
			runOnlyForDeploymentPostprocessing = 0;
		};
		D2DC809C27B34D580051BABA /* Resources */ = {
			isa = PBXResourcesBuildPhase;
			buildActionMask = 2147483647;
			files = (
			);
			runOnlyForDeploymentPostprocessing = 0;
		};
		D2DC80A627B34D580051BABA /* Resources */ = {
			isa = PBXResourcesBuildPhase;
			buildActionMask = 2147483647;
			files = (
			);
			runOnlyForDeploymentPostprocessing = 0;
		};
/* End PBXResourcesBuildPhase section */

/* Begin PBXShellScriptBuildPhase section */
		427DE76AE8536AA71C2FACF8 /* [CP] Embed Pods Frameworks */ = {
			isa = PBXShellScriptBuildPhase;
			buildActionMask = 2147483647;
			files = (
			);
			inputFileListPaths = (
				"${PODS_ROOT}/Target Support Files/Pods-FlixOne-FlixOneUITests/Pods-FlixOne-FlixOneUITests-frameworks-${CONFIGURATION}-input-files.xcfilelist",
			);
			name = "[CP] Embed Pods Frameworks";
			outputFileListPaths = (
				"${PODS_ROOT}/Target Support Files/Pods-FlixOne-FlixOneUITests/Pods-FlixOne-FlixOneUITests-frameworks-${CONFIGURATION}-output-files.xcfilelist",
			);
			runOnlyForDeploymentPostprocessing = 0;
			shellPath = /bin/sh;
			shellScript = "\"${PODS_ROOT}/Target Support Files/Pods-FlixOne-FlixOneUITests/Pods-FlixOne-FlixOneUITests-frameworks.sh\"\n";
			showEnvVarsInLog = 0;
		};
		44CB98B3B9633512FCCE43A4 /* [CP] Check Pods Manifest.lock */ = {
			isa = PBXShellScriptBuildPhase;
			buildActionMask = 2147483647;
			files = (
			);
			inputFileListPaths = (
			);
			inputPaths = (
				"${PODS_PODFILE_DIR_PATH}/Podfile.lock",
				"${PODS_ROOT}/Manifest.lock",
			);
			name = "[CP] Check Pods Manifest.lock";
			outputFileListPaths = (
			);
			outputPaths = (
				"$(DERIVED_FILE_DIR)/Pods-FlixOneTests-checkManifestLockResult.txt",
			);
			runOnlyForDeploymentPostprocessing = 0;
			shellPath = /bin/sh;
			shellScript = "diff \"${PODS_PODFILE_DIR_PATH}/Podfile.lock\" \"${PODS_ROOT}/Manifest.lock\" > /dev/null\nif [ $? != 0 ] ; then\n    # print error to STDERR\n    echo \"error: The sandbox is not in sync with the Podfile.lock. Run 'pod install' or update your CocoaPods installation.\" >&2\n    exit 1\nfi\n# This output is used by Xcode 'outputs' to avoid re-running this script phase.\necho \"SUCCESS\" > \"${SCRIPT_OUTPUT_FILE_0}\"\n";
			showEnvVarsInLog = 0;
		};
		9A784D49A45E54C05ABD31EC /* [CP] Embed Pods Frameworks */ = {
			isa = PBXShellScriptBuildPhase;
			buildActionMask = 2147483647;
			files = (
			);
			inputFileListPaths = (
				"${PODS_ROOT}/Target Support Files/Pods-FlixOne/Pods-FlixOne-frameworks-${CONFIGURATION}-input-files.xcfilelist",
			);
			name = "[CP] Embed Pods Frameworks";
			outputFileListPaths = (
				"${PODS_ROOT}/Target Support Files/Pods-FlixOne/Pods-FlixOne-frameworks-${CONFIGURATION}-output-files.xcfilelist",
			);
			runOnlyForDeploymentPostprocessing = 0;
			shellPath = /bin/sh;
			shellScript = "\"${PODS_ROOT}/Target Support Files/Pods-FlixOne/Pods-FlixOne-frameworks.sh\"\n";
			showEnvVarsInLog = 0;
		};
		BBE21E4AFDC13CD547335895 /* [CP] Check Pods Manifest.lock */ = {
			isa = PBXShellScriptBuildPhase;
			buildActionMask = 2147483647;
			files = (
			);
			inputFileListPaths = (
			);
			inputPaths = (
				"${PODS_PODFILE_DIR_PATH}/Podfile.lock",
				"${PODS_ROOT}/Manifest.lock",
			);
			name = "[CP] Check Pods Manifest.lock";
			outputFileListPaths = (
			);
			outputPaths = (
				"$(DERIVED_FILE_DIR)/Pods-FlixOne-FlixOneUITests-checkManifestLockResult.txt",
			);
			runOnlyForDeploymentPostprocessing = 0;
			shellPath = /bin/sh;
			shellScript = "diff \"${PODS_PODFILE_DIR_PATH}/Podfile.lock\" \"${PODS_ROOT}/Manifest.lock\" > /dev/null\nif [ $? != 0 ] ; then\n    # print error to STDERR\n    echo \"error: The sandbox is not in sync with the Podfile.lock. Run 'pod install' or update your CocoaPods installation.\" >&2\n    exit 1\nfi\n# This output is used by Xcode 'outputs' to avoid re-running this script phase.\necho \"SUCCESS\" > \"${SCRIPT_OUTPUT_FILE_0}\"\n";
			showEnvVarsInLog = 0;
		};
		CD56E0898F416893ECDB894A /* [CP] Check Pods Manifest.lock */ = {
			isa = PBXShellScriptBuildPhase;
			buildActionMask = 2147483647;
			files = (
			);
			inputFileListPaths = (
			);
			inputPaths = (
				"${PODS_PODFILE_DIR_PATH}/Podfile.lock",
				"${PODS_ROOT}/Manifest.lock",
			);
			name = "[CP] Check Pods Manifest.lock";
			outputFileListPaths = (
			);
			outputPaths = (
				"$(DERIVED_FILE_DIR)/Pods-FlixOne-checkManifestLockResult.txt",
			);
			runOnlyForDeploymentPostprocessing = 0;
			shellPath = /bin/sh;
			shellScript = "diff \"${PODS_PODFILE_DIR_PATH}/Podfile.lock\" \"${PODS_ROOT}/Manifest.lock\" > /dev/null\nif [ $? != 0 ] ; then\n    # print error to STDERR\n    echo \"error: The sandbox is not in sync with the Podfile.lock. Run 'pod install' or update your CocoaPods installation.\" >&2\n    exit 1\nfi\n# This output is used by Xcode 'outputs' to avoid re-running this script phase.\necho \"SUCCESS\" > \"${SCRIPT_OUTPUT_FILE_0}\"\n";
			showEnvVarsInLog = 0;
		};
/* End PBXShellScriptBuildPhase section */

/* Begin PBXSourcesBuildPhase section */
		D2DC808427B34D560051BABA /* Sources */ = {
			isa = PBXSourcesBuildPhase;
			buildActionMask = 2147483647;
			files = (
				D2DC809027B34D570051BABA /* ViewController.swift in Sources */,
				D2DC808C27B34D570051BABA /* AppDelegate.swift in Sources */,
				D2DC808E27B34D570051BABA /* SceneDelegate.swift in Sources */,
				D2DC80BE27B358AE0051BABA /* MovieCell.swift in Sources */,
				D2DC80BC27B34E660051BABA /* MoviesViewController.swift in Sources */,
			);
			runOnlyForDeploymentPostprocessing = 0;
		};
		D2DC809A27B34D580051BABA /* Sources */ = {
			isa = PBXSourcesBuildPhase;
			buildActionMask = 2147483647;
			files = (
				D2DC80A327B34D580051BABA /* FlixOneTests.swift in Sources */,
			);
			runOnlyForDeploymentPostprocessing = 0;
		};
		D2DC80A427B34D580051BABA /* Sources */ = {
			isa = PBXSourcesBuildPhase;
			buildActionMask = 2147483647;
			files = (
				D2DC80AF27B34D580051BABA /* FlixOneUITestsLaunchTests.swift in Sources */,
				D2DC80AD27B34D580051BABA /* FlixOneUITests.swift in Sources */,
			);
			runOnlyForDeploymentPostprocessing = 0;
		};
/* End PBXSourcesBuildPhase section */

/* Begin PBXTargetDependency section */
		D2DC80A027B34D580051BABA /* PBXTargetDependency */ = {
			isa = PBXTargetDependency;
			target = D2DC808727B34D560051BABA /* FlixOne */;
			targetProxy = D2DC809F27B34D580051BABA /* PBXContainerItemProxy */;
		};
		D2DC80AA27B34D580051BABA /* PBXTargetDependency */ = {
			isa = PBXTargetDependency;
			target = D2DC808727B34D560051BABA /* FlixOne */;
			targetProxy = D2DC80A927B34D580051BABA /* PBXContainerItemProxy */;
		};
/* End PBXTargetDependency section */

/* Begin PBXVariantGroup section */
		D2DC809127B34D570051BABA /* Main.storyboard */ = {
			isa = PBXVariantGroup;
			children = (
				D2DC809227B34D570051BABA /* Base */,
			);
			name = Main.storyboard;
			sourceTree = "<group>";
		};
		D2DC809627B34D580051BABA /* LaunchScreen.storyboard */ = {
			isa = PBXVariantGroup;
			children = (
				D2DC809727B34D580051BABA /* Base */,
			);
			name = LaunchScreen.storyboard;
			sourceTree = "<group>";
		};
/* End PBXVariantGroup section */

/* Begin XCBuildConfiguration section */
		D2DC80B027B34D580051BABA /* Debug */ = {
			isa = XCBuildConfiguration;
			buildSettings = {
				ALWAYS_SEARCH_USER_PATHS = NO;
				CLANG_ANALYZER_NONNULL = YES;
				CLANG_ANALYZER_NUMBER_OBJECT_CONVERSION = YES_AGGRESSIVE;
				CLANG_CXX_LANGUAGE_STANDARD = "gnu++17";
				CLANG_CXX_LIBRARY = "libc++";
				CLANG_ENABLE_MODULES = YES;
				CLANG_ENABLE_OBJC_ARC = YES;
				CLANG_ENABLE_OBJC_WEAK = YES;
				CLANG_WARN_BLOCK_CAPTURE_AUTORELEASING = YES;
				CLANG_WARN_BOOL_CONVERSION = YES;
				CLANG_WARN_COMMA = YES;
				CLANG_WARN_CONSTANT_CONVERSION = YES;
				CLANG_WARN_DEPRECATED_OBJC_IMPLEMENTATIONS = YES;
				CLANG_WARN_DIRECT_OBJC_ISA_USAGE = YES_ERROR;
				CLANG_WARN_DOCUMENTATION_COMMENTS = YES;
				CLANG_WARN_EMPTY_BODY = YES;
				CLANG_WARN_ENUM_CONVERSION = YES;
				CLANG_WARN_INFINITE_RECURSION = YES;
				CLANG_WARN_INT_CONVERSION = YES;
				CLANG_WARN_NON_LITERAL_NULL_CONVERSION = YES;
				CLANG_WARN_OBJC_IMPLICIT_RETAIN_SELF = YES;
				CLANG_WARN_OBJC_LITERAL_CONVERSION = YES;
				CLANG_WARN_OBJC_ROOT_CLASS = YES_ERROR;
				CLANG_WARN_QUOTED_INCLUDE_IN_FRAMEWORK_HEADER = YES;
				CLANG_WARN_RANGE_LOOP_ANALYSIS = YES;
				CLANG_WARN_STRICT_PROTOTYPES = YES;
				CLANG_WARN_SUSPICIOUS_MOVE = YES;
				CLANG_WARN_UNGUARDED_AVAILABILITY = YES_AGGRESSIVE;
				CLANG_WARN_UNREACHABLE_CODE = YES;
				CLANG_WARN__DUPLICATE_METHOD_MATCH = YES;
				COPY_PHASE_STRIP = NO;
				DEBUG_INFORMATION_FORMAT = dwarf;
				ENABLE_STRICT_OBJC_MSGSEND = YES;
				ENABLE_TESTABILITY = YES;
				GCC_C_LANGUAGE_STANDARD = gnu11;
				GCC_DYNAMIC_NO_PIC = NO;
				GCC_NO_COMMON_BLOCKS = YES;
				GCC_OPTIMIZATION_LEVEL = 0;
				GCC_PREPROCESSOR_DEFINITIONS = (
					"DEBUG=1",
					"$(inherited)",
				);
				GCC_WARN_64_TO_32_BIT_CONVERSION = YES;
				GCC_WARN_ABOUT_RETURN_TYPE = YES_ERROR;
				GCC_WARN_UNDECLARED_SELECTOR = YES;
				GCC_WARN_UNINITIALIZED_AUTOS = YES_AGGRESSIVE;
				GCC_WARN_UNUSED_FUNCTION = YES;
				GCC_WARN_UNUSED_VARIABLE = YES;
				IPHONEOS_DEPLOYMENT_TARGET = 15.2;
				MTL_ENABLE_DEBUG_INFO = INCLUDE_SOURCE;
				MTL_FAST_MATH = YES;
				ONLY_ACTIVE_ARCH = YES;
				SDKROOT = iphoneos;
				SWIFT_ACTIVE_COMPILATION_CONDITIONS = DEBUG;
				SWIFT_OPTIMIZATION_LEVEL = "-Onone";
			};
			name = Debug;
		};
		D2DC80B127B34D580051BABA /* Release */ = {
			isa = XCBuildConfiguration;
			buildSettings = {
				ALWAYS_SEARCH_USER_PATHS = NO;
				CLANG_ANALYZER_NONNULL = YES;
				CLANG_ANALYZER_NUMBER_OBJECT_CONVERSION = YES_AGGRESSIVE;
				CLANG_CXX_LANGUAGE_STANDARD = "gnu++17";
				CLANG_CXX_LIBRARY = "libc++";
				CLANG_ENABLE_MODULES = YES;
				CLANG_ENABLE_OBJC_ARC = YES;
				CLANG_ENABLE_OBJC_WEAK = YES;
				CLANG_WARN_BLOCK_CAPTURE_AUTORELEASING = YES;
				CLANG_WARN_BOOL_CONVERSION = YES;
				CLANG_WARN_COMMA = YES;
				CLANG_WARN_CONSTANT_CONVERSION = YES;
				CLANG_WARN_DEPRECATED_OBJC_IMPLEMENTATIONS = YES;
				CLANG_WARN_DIRECT_OBJC_ISA_USAGE = YES_ERROR;
				CLANG_WARN_DOCUMENTATION_COMMENTS = YES;
				CLANG_WARN_EMPTY_BODY = YES;
				CLANG_WARN_ENUM_CONVERSION = YES;
				CLANG_WARN_INFINITE_RECURSION = YES;
				CLANG_WARN_INT_CONVERSION = YES;
				CLANG_WARN_NON_LITERAL_NULL_CONVERSION = YES;
				CLANG_WARN_OBJC_IMPLICIT_RETAIN_SELF = YES;
				CLANG_WARN_OBJC_LITERAL_CONVERSION = YES;
				CLANG_WARN_OBJC_ROOT_CLASS = YES_ERROR;
				CLANG_WARN_QUOTED_INCLUDE_IN_FRAMEWORK_HEADER = YES;
				CLANG_WARN_RANGE_LOOP_ANALYSIS = YES;
				CLANG_WARN_STRICT_PROTOTYPES = YES;
				CLANG_WARN_SUSPICIOUS_MOVE = YES;
				CLANG_WARN_UNGUARDED_AVAILABILITY = YES_AGGRESSIVE;
				CLANG_WARN_UNREACHABLE_CODE = YES;
				CLANG_WARN__DUPLICATE_METHOD_MATCH = YES;
				COPY_PHASE_STRIP = NO;
				DEBUG_INFORMATION_FORMAT = "dwarf-with-dsym";
				ENABLE_NS_ASSERTIONS = NO;
				ENABLE_STRICT_OBJC_MSGSEND = YES;
				GCC_C_LANGUAGE_STANDARD = gnu11;
				GCC_NO_COMMON_BLOCKS = YES;
				GCC_WARN_64_TO_32_BIT_CONVERSION = YES;
				GCC_WARN_ABOUT_RETURN_TYPE = YES_ERROR;
				GCC_WARN_UNDECLARED_SELECTOR = YES;
				GCC_WARN_UNINITIALIZED_AUTOS = YES_AGGRESSIVE;
				GCC_WARN_UNUSED_FUNCTION = YES;
				GCC_WARN_UNUSED_VARIABLE = YES;
				IPHONEOS_DEPLOYMENT_TARGET = 15.2;
				MTL_ENABLE_DEBUG_INFO = NO;
				MTL_FAST_MATH = YES;
				SDKROOT = iphoneos;
				SWIFT_COMPILATION_MODE = wholemodule;
				SWIFT_OPTIMIZATION_LEVEL = "-O";
				VALIDATE_PRODUCT = YES;
			};
			name = Release;
		};
		D2DC80B327B34D580051BABA /* Debug */ = {
			isa = XCBuildConfiguration;
			baseConfigurationReference = D2764BADE8370D52D1561BD2 /* Pods-FlixOne.debug.xcconfig */;
			buildSettings = {
				ASSETCATALOG_COMPILER_APPICON_NAME = AppIcon;
				ASSETCATALOG_COMPILER_GLOBAL_ACCENT_COLOR_NAME = AccentColor;
				CODE_SIGN_STYLE = Automatic;
				CURRENT_PROJECT_VERSION = 1;
				DEVELOPMENT_TEAM = A6D3CZAZH3;
				GENERATE_INFOPLIST_FILE = YES;
				INFOPLIST_FILE = FlixOne/Info.plist;
				INFOPLIST_KEY_UIApplicationSupportsIndirectInputEvents = YES;
				INFOPLIST_KEY_UILaunchStoryboardName = LaunchScreen;
				INFOPLIST_KEY_UIMainStoryboardFile = Main;
				INFOPLIST_KEY_UISupportedInterfaceOrientations_iPad = "UIInterfaceOrientationPortrait UIInterfaceOrientationPortraitUpsideDown UIInterfaceOrientationLandscapeLeft UIInterfaceOrientationLandscapeRight";
				INFOPLIST_KEY_UISupportedInterfaceOrientations_iPhone = "UIInterfaceOrientationPortrait UIInterfaceOrientationLandscapeLeft UIInterfaceOrientationLandscapeRight";
				LD_RUNPATH_SEARCH_PATHS = (
					"$(inherited)",
					"@executable_path/Frameworks",
				);
				MARKETING_VERSION = 1.0;
				PRODUCT_BUNDLE_IDENTIFIER = com.judeOfosu99.FlixOne;
				PRODUCT_NAME = "$(TARGET_NAME)";
				SWIFT_EMIT_LOC_STRINGS = YES;
				SWIFT_VERSION = 5.0;
				TARGETED_DEVICE_FAMILY = "1,2";
			};
			name = Debug;
		};
		D2DC80B427B34D580051BABA /* Release */ = {
			isa = XCBuildConfiguration;
			baseConfigurationReference = DC8E351590F455E01AFDFCC5 /* Pods-FlixOne.release.xcconfig */;
			buildSettings = {
				ASSETCATALOG_COMPILER_APPICON_NAME = AppIcon;
				ASSETCATALOG_COMPILER_GLOBAL_ACCENT_COLOR_NAME = AccentColor;
				CODE_SIGN_STYLE = Automatic;
				CURRENT_PROJECT_VERSION = 1;
				DEVELOPMENT_TEAM = A6D3CZAZH3;
				GENERATE_INFOPLIST_FILE = YES;
				INFOPLIST_FILE = FlixOne/Info.plist;
				INFOPLIST_KEY_UIApplicationSupportsIndirectInputEvents = YES;
				INFOPLIST_KEY_UILaunchStoryboardName = LaunchScreen;
				INFOPLIST_KEY_UIMainStoryboardFile = Main;
				INFOPLIST_KEY_UISupportedInterfaceOrientations_iPad = "UIInterfaceOrientationPortrait UIInterfaceOrientationPortraitUpsideDown UIInterfaceOrientationLandscapeLeft UIInterfaceOrientationLandscapeRight";
				INFOPLIST_KEY_UISupportedInterfaceOrientations_iPhone = "UIInterfaceOrientationPortrait UIInterfaceOrientationLandscapeLeft UIInterfaceOrientationLandscapeRight";
				LD_RUNPATH_SEARCH_PATHS = (
					"$(inherited)",
					"@executable_path/Frameworks",
				);
				MARKETING_VERSION = 1.0;
				PRODUCT_BUNDLE_IDENTIFIER = com.judeOfosu99.FlixOne;
				PRODUCT_NAME = "$(TARGET_NAME)";
				SWIFT_EMIT_LOC_STRINGS = YES;
				SWIFT_VERSION = 5.0;
				TARGETED_DEVICE_FAMILY = "1,2";
			};
			name = Release;
		};
		D2DC80B627B34D580051BABA /* Debug */ = {
			isa = XCBuildConfiguration;
			baseConfigurationReference = 597FFAF1E7ADE2318602475D /* Pods-FlixOneTests.debug.xcconfig */;
			buildSettings = {
				ALWAYS_EMBED_SWIFT_STANDARD_LIBRARIES = YES;
				BUNDLE_LOADER = "$(TEST_HOST)";
				CODE_SIGN_STYLE = Automatic;
				CURRENT_PROJECT_VERSION = 1;
				DEVELOPMENT_TEAM = A6D3CZAZH3;
				GENERATE_INFOPLIST_FILE = YES;
				IPHONEOS_DEPLOYMENT_TARGET = 15.2;
				MARKETING_VERSION = 1.0;
				PRODUCT_BUNDLE_IDENTIFIER = com.judeOfosu99.FlixOneTests;
				PRODUCT_NAME = "$(TARGET_NAME)";
				SWIFT_EMIT_LOC_STRINGS = NO;
				SWIFT_VERSION = 5.0;
				TARGETED_DEVICE_FAMILY = "1,2";
				TEST_HOST = "$(BUILT_PRODUCTS_DIR)/FlixOne.app/FlixOne";
			};
			name = Debug;
		};
		D2DC80B727B34D580051BABA /* Release */ = {
			isa = XCBuildConfiguration;
			baseConfigurationReference = DCC403A2ADC73C0A9EF2D4C3 /* Pods-FlixOneTests.release.xcconfig */;
			buildSettings = {
				ALWAYS_EMBED_SWIFT_STANDARD_LIBRARIES = YES;
				BUNDLE_LOADER = "$(TEST_HOST)";
				CODE_SIGN_STYLE = Automatic;
				CURRENT_PROJECT_VERSION = 1;
				DEVELOPMENT_TEAM = A6D3CZAZH3;
				GENERATE_INFOPLIST_FILE = YES;
				IPHONEOS_DEPLOYMENT_TARGET = 15.2;
				MARKETING_VERSION = 1.0;
				PRODUCT_BUNDLE_IDENTIFIER = com.judeOfosu99.FlixOneTests;
				PRODUCT_NAME = "$(TARGET_NAME)";
				SWIFT_EMIT_LOC_STRINGS = NO;
				SWIFT_VERSION = 5.0;
				TARGETED_DEVICE_FAMILY = "1,2";
				TEST_HOST = "$(BUILT_PRODUCTS_DIR)/FlixOne.app/FlixOne";
			};
			name = Release;
		};
		D2DC80B927B34D580051BABA /* Debug */ = {
			isa = XCBuildConfiguration;
			baseConfigurationReference = F059AE94BD6B538544B879B4 /* Pods-FlixOne-FlixOneUITests.debug.xcconfig */;
			buildSettings = {
				ALWAYS_EMBED_SWIFT_STANDARD_LIBRARIES = YES;
				CODE_SIGN_STYLE = Automatic;
				CURRENT_PROJECT_VERSION = 1;
				DEVELOPMENT_TEAM = A6D3CZAZH3;
				GENERATE_INFOPLIST_FILE = YES;
				MARKETING_VERSION = 1.0;
				PRODUCT_BUNDLE_IDENTIFIER = com.judeOfosu99.FlixOneUITests;
				PRODUCT_NAME = "$(TARGET_NAME)";
				SWIFT_EMIT_LOC_STRINGS = NO;
				SWIFT_VERSION = 5.0;
				TARGETED_DEVICE_FAMILY = "1,2";
				TEST_TARGET_NAME = FlixOne;
			};
			name = Debug;
		};
		D2DC80BA27B34D580051BABA /* Release */ = {
			isa = XCBuildConfiguration;
			baseConfigurationReference = E0FFE432F0E6A6A3A39B56A3 /* Pods-FlixOne-FlixOneUITests.release.xcconfig */;
			buildSettings = {
				ALWAYS_EMBED_SWIFT_STANDARD_LIBRARIES = YES;
				CODE_SIGN_STYLE = Automatic;
				CURRENT_PROJECT_VERSION = 1;
				DEVELOPMENT_TEAM = A6D3CZAZH3;
				GENERATE_INFOPLIST_FILE = YES;
				MARKETING_VERSION = 1.0;
				PRODUCT_BUNDLE_IDENTIFIER = com.judeOfosu99.FlixOneUITests;
				PRODUCT_NAME = "$(TARGET_NAME)";
				SWIFT_EMIT_LOC_STRINGS = NO;
				SWIFT_VERSION = 5.0;
				TARGETED_DEVICE_FAMILY = "1,2";
				TEST_TARGET_NAME = FlixOne;
			};
			name = Release;
		};
/* End XCBuildConfiguration section */

/* Begin XCConfigurationList section */
		D2DC808327B34D560051BABA /* Build configuration list for PBXProject "FlixOne" */ = {
			isa = XCConfigurationList;
			buildConfigurations = (
				D2DC80B027B34D580051BABA /* Debug */,
				D2DC80B127B34D580051BABA /* Release */,
			);
			defaultConfigurationIsVisible = 0;
			defaultConfigurationName = Release;
		};
		D2DC80B227B34D580051BABA /* Build configuration list for PBXNativeTarget "FlixOne" */ = {
			isa = XCConfigurationList;
			buildConfigurations = (
				D2DC80B327B34D580051BABA /* Debug */,
				D2DC80B427B34D580051BABA /* Release */,
			);
			defaultConfigurationIsVisible = 0;
			defaultConfigurationName = Release;
		};
		D2DC80B527B34D580051BABA /* Build configuration list for PBXNativeTarget "FlixOneTests" */ = {
			isa = XCConfigurationList;
			buildConfigurations = (
				D2DC80B627B34D580051BABA /* Debug */,
				D2DC80B727B34D580051BABA /* Release */,
			);
			defaultConfigurationIsVisible = 0;
			defaultConfigurationName = Release;
		};
		D2DC80B827B34D580051BABA /* Build configuration list for PBXNativeTarget "FlixOneUITests" */ = {
			isa = XCConfigurationList;
			buildConfigurations = (
				D2DC80B927B34D580051BABA /* Debug */,
				D2DC80BA27B34D580051BABA /* Release */,
			);
			defaultConfigurationIsVisible = 0;
			defaultConfigurationName = Release;
		};
/* End XCConfigurationList section */

/* Begin XCRemoteSwiftPackageReference section */
		D2DC80BF27B372D80051BABA /* XCRemoteSwiftPackageReference "AlamofireImage" */ = {
			isa = XCRemoteSwiftPackageReference;
			repositoryURL = "https://github.com/Alamofire/AlamofireImage";
			requirement = {
				kind = upToNextMajorVersion;
				minimumVersion = 4.0.0;
			};
		};
/* End XCRemoteSwiftPackageReference section */

/* Begin XCSwiftPackageProductDependency section */
		D2DC80C027B372D80051BABA /* AlamofireImage */ = {
			isa = XCSwiftPackageProductDependency;
			package = D2DC80BF27B372D80051BABA /* XCRemoteSwiftPackageReference "AlamofireImage" */;
			productName = AlamofireImage;
		};
/* End XCSwiftPackageProductDependency section */
	};
	rootObject = D2DC808027B34D560051BABA /* Project object */;
}
